Microsoft Visual Studio Solution File, Format Version 12.00
# Visual Studio Version 17
VisualStudioVersion = 17.5.2.0
MinimumVisualStudioVersion = 10.0.40219.1
Project("{2150E333-8FDC-42A3-9474-1A3956D46DE8}") = "rollAway-project", "rollAway-project", "{9D7DE0CD-562C-33E4-F4B9-8467AD07A170}"
EndProject
Project("{FAE04EC0-301F-11D3-BF4B-00C04F79EFBC}") = "Assembly-CSharp-Editor", "rollAway-project\Assembly-CSharp-Editor.csproj", "{C840EBCF-0113-61C2-B550-BCB3AAFF2FA8}"
EndProject
Project("{FAE04EC0-301F-11D3-BF4B-00C04F79EFBC}") = "Assembly-CSharp", "rollAway-project\Assembly-CSharp.csproj", "{32AD7C87-6B84-7EBC-5A67-1CA5D2310C42}"
EndProject
Global
	GlobalSection(SolutionConfigurationPlatforms) = preSolution
		Debug|Any CPU = Debug|Any CPU
		Release|Any CPU = Release|Any CPU
	EndGlobalSection
	GlobalSection(ProjectConfigurationPlatforms) = postSolution
		{C840EBCF-0113-61C2-B550-BCB3AAFF2FA8}.Debug|Any CPU.ActiveCfg = Debug|Any CPU
		{C840EBCF-0113-61C2-B550-BCB3AAFF2FA8}.Debug|Any CPU.Build.0 = Debug|Any CPU
		{C840EBCF-0113-61C2-B550-BCB3AAFF2FA8}.Release|Any CPU.ActiveCfg = Release|Any CPU
		{C840EBCF-0113-61C2-B550-BCB3AAFF2FA8}.Release|Any CPU.Build.0 = Release|Any CPU
		{32AD7C87-6B84-7EBC-5A67-1CA5D2310C42}.Debug|Any CPU.ActiveCfg = Debug|Any CPU
		{32AD7C87-6B84-7EBC-5A67-1CA5D2310C42}.Debug|Any CPU.Build.0 = Debug|Any CPU
		{32AD7C87-6B84-7EBC-5A67-1CA5D2310C42}.Release|Any CPU.ActiveCfg = Release|Any CPU
		{32AD7C87-6B84-7EBC-5A67-1CA5D2310C42}.Release|Any CPU.Build.0 = Release|Any CPU
	EndGlobalSection
	GlobalSection(SolutionProperties) = preSolution
		HideSolutionNode = FALSE
	EndGlobalSection
	GlobalSection(NestedProjects) = preSolution
		{C840EBCF-0113-61C2-B550-BCB3AAFF2FA8} = {9D7DE0CD-562C-33E4-F4B9-8467AD07A170}
		{32AD7C87-6B84-7EBC-5A67-1CA5D2310C42} = {9D7DE0CD-562C-33E4-F4B9-8467AD07A170}
	EndGlobalSection
	GlobalSection(ExtensibilityGlobals) = postSolution
		SolutionGuid = {C6B56EE1-A8DB-4578-97C4-88A232E85446}
	EndGlobalSection
EndGlobal
